// !$*UTF8*$!
{
	archiveVersion = 1;
	classes = {
	};
	objectVersion = 46;
	objects = {

/* Begin PBXBuildFile section */
		2DBF47B71D48EA5F00C1E44C /* AppDelegate.swift in Sources */ = {isa = PBXBuildFile; fileRef = 2DBF47B61D48EA5F00C1E44C /* AppDelegate.swift */; };
		2DBF47B91D48EA5F00C1E44C /* MarsWeatherVC.swift in Sources */ = {isa = PBXBuildFile; fileRef = 2DBF47B81D48EA5F00C1E44C /* MarsWeatherVC.swift */; };
		2DBF47BC1D48EA5F00C1E44C /* Main.storyboard in Resources */ = {isa = PBXBuildFile; fileRef = 2DBF47BA1D48EA5F00C1E44C /* Main.storyboard */; };
		2DBF47BE1D48EA5F00C1E44C /* Assets.xcassets in Resources */ = {isa = PBXBuildFile; fileRef = 2DBF47BD1D48EA5F00C1E44C /* Assets.xcassets */; };
		2DBF47C11D48EA5F00C1E44C /* LaunchScreen.storyboard in Resources */ = {isa = PBXBuildFile; fileRef = 2DBF47BF1D48EA5F00C1E44C /* LaunchScreen.storyboard */; };
		5BA7CAE4BC2FCE33803B8AEC /* Pods_Red_Weather.framework in Frameworks */ = {isa = PBXBuildFile; fileRef = 593D905DB6F6A8F483EBD3C7 /* Pods_Red_Weather.framework */; };
		E57BB7411D4922FF006A5415 /* GenericNetworkManager.swift in Sources */ = {isa = PBXBuildFile; fileRef = E57BB7401D4922FF006A5415 /* GenericNetworkManager.swift */; };
		E57BB7431D493078006A5415 /* DataFetcher.swift in Sources */ = {isa = PBXBuildFile; fileRef = E57BB7421D493078006A5415 /* DataFetcher.swift */; };
		E57BB7471D4932E2006A5415 /* WeatherData.swift in Sources */ = {isa = PBXBuildFile; fileRef = E57BB7461D4932E2006A5415 /* WeatherData.swift */; };
		E57BB7491D4934DE006A5415 /* StaticResources.swift in Sources */ = {isa = PBXBuildFile; fileRef = E57BB7481D4934DE006A5415 /* StaticResources.swift */; };
		E57BB74B1D493CB8006A5415 /* Extensions.swift in Sources */ = {isa = PBXBuildFile; fileRef = E57BB74A1D493CB8006A5415 /* Extensions.swift */; };
		E57BB74E1D494751006A5415 /* MarsWeatherBrain.swift in Sources */ = {isa = PBXBuildFile; fileRef = E57BB74D1D494751006A5415 /* MarsWeatherBrain.swift */; };
		E57BB7501D4947EC006A5415 /* MainViewController.swift in Sources */ = {isa = PBXBuildFile; fileRef = E57BB74F1D4947EC006A5415 /* MainViewController.swift */; };
/* End PBXBuildFile section */

/* Begin PBXFileReference section */
		2DBF47B31D48EA5F00C1E44C /* Red Weather.app */ = {isa = PBXFileReference; explicitFileType = wrapper.application; includeInIndex = 0; path = "Red Weather.app"; sourceTree = BUILT_PRODUCTS_DIR; };
		2DBF47B61D48EA5F00C1E44C /* AppDelegate.swift */ = {isa = PBXFileReference; lastKnownFileType = sourcecode.swift; path = AppDelegate.swift; sourceTree = "<group>"; };
		2DBF47B81D48EA5F00C1E44C /* MarsWeatherVC.swift */ = {isa = PBXFileReference; lastKnownFileType = sourcecode.swift; path = MarsWeatherVC.swift; sourceTree = "<group>"; };
		2DBF47BB1D48EA5F00C1E44C /* Base */ = {isa = PBXFileReference; lastKnownFileType = file.storyboard; name = Base; path = Base.lproj/Main.storyboard; sourceTree = "<group>"; };
		2DBF47BD1D48EA5F00C1E44C /* Assets.xcassets */ = {isa = PBXFileReference; lastKnownFileType = folder.assetcatalog; path = Assets.xcassets; sourceTree = "<group>"; };
		2DBF47C01D48EA5F00C1E44C /* Base */ = {isa = PBXFileReference; lastKnownFileType = file.storyboard; name = Base; path = Base.lproj/LaunchScreen.storyboard; sourceTree = "<group>"; };
		2DBF47C21D48EA5F00C1E44C /* Info.plist */ = {isa = PBXFileReference; lastKnownFileType = text.plist.xml; path = Info.plist; sourceTree = "<group>"; };
		593D905DB6F6A8F483EBD3C7 /* Pods_Red_Weather.framework */ = {isa = PBXFileReference; explicitFileType = wrapper.framework; includeInIndex = 0; path = Pods_Red_Weather.framework; sourceTree = BUILT_PRODUCTS_DIR; };
		ABFAE9414BFBCD408F8DFC29 /* Pods-Red Weather.release.xcconfig */ = {isa = PBXFileReference; includeInIndex = 1; lastKnownFileType = text.xcconfig; name = "Pods-Red Weather.release.xcconfig"; path = "Pods/Target Support Files/Pods-Red Weather/Pods-Red Weather.release.xcconfig"; sourceTree = "<group>"; };
		B2EACD29DE8185E1B5455466 /* Pods-Red Weather.debug.xcconfig */ = {isa = PBXFileReference; includeInIndex = 1; lastKnownFileType = text.xcconfig; name = "Pods-Red Weather.debug.xcconfig"; path = "Pods/Target Support Files/Pods-Red Weather/Pods-Red Weather.debug.xcconfig"; sourceTree = "<group>"; };
		E57BB7401D4922FF006A5415 /* GenericNetworkManager.swift */ = {isa = PBXFileReference; fileEncoding = 4; lastKnownFileType = sourcecode.swift; path = GenericNetworkManager.swift; sourceTree = "<group>"; };
		E57BB7421D493078006A5415 /* DataFetcher.swift */ = {isa = PBXFileReference; fileEncoding = 4; lastKnownFileType = sourcecode.swift; path = DataFetcher.swift; sourceTree = "<group>"; };
		E57BB7461D4932E2006A5415 /* WeatherData.swift */ = {isa = PBXFileReference; fileEncoding = 4; lastKnownFileType = sourcecode.swift; path = WeatherData.swift; sourceTree = "<group>"; };
		E57BB7481D4934DE006A5415 /* StaticResources.swift */ = {isa = PBXFileReference; fileEncoding = 4; lastKnownFileType = sourcecode.swift; path = StaticResources.swift; sourceTree = "<group>"; };
		E57BB74A1D493CB8006A5415 /* Extensions.swift */ = {isa = PBXFileReference; fileEncoding = 4; lastKnownFileType = sourcecode.swift; path = Extensions.swift; sourceTree = "<group>"; };
		E57BB74D1D494751006A5415 /* MarsWeatherBrain.swift */ = {isa = PBXFileReference; fileEncoding = 4; lastKnownFileType = sourcecode.swift; path = MarsWeatherBrain.swift; sourceTree = "<group>"; };
		E57BB74F1D4947EC006A5415 /* MainViewController.swift */ = {isa = PBXFileReference; fileEncoding = 4; lastKnownFileType = sourcecode.swift; path = MainViewController.swift; sourceTree = "<group>"; };
/* End PBXFileReference section */

/* Begin PBXFrameworksBuildPhase section */
		2DBF47B01D48EA5F00C1E44C /* Frameworks */ = {
			isa = PBXFrameworksBuildPhase;
			buildActionMask = 2147483647;
			files = (
				5BA7CAE4BC2FCE33803B8AEC /* Pods_Red_Weather.framework in Frameworks */,
			);
			runOnlyForDeploymentPostprocessing = 0;
		};
/* End PBXFrameworksBuildPhase section */

/* Begin PBXGroup section */
		2DBF47AA1D48EA5F00C1E44C = {
			isa = PBXGroup;
			children = (
				2DBF47B51D48EA5F00C1E44C /* Red Weather */,
				2DBF47B41D48EA5F00C1E44C /* Products */,
				864F895115B4CC636DABB173 /* Pods */,
				717939F045F0E654B313878F /* Frameworks */,
			);
			sourceTree = "<group>";
		};
		2DBF47B41D48EA5F00C1E44C /* Products */ = {
			isa = PBXGroup;
			children = (
				2DBF47B31D48EA5F00C1E44C /* Red Weather.app */,
			);
			name = Products;
			sourceTree = "<group>";
		};
		2DBF47B51D48EA5F00C1E44C /* Red Weather */ = {
			isa = PBXGroup;
			children = (
				E57BB7451D4932D2006A5415 /* Models */,
				E57BB7441D4931E8006A5415 /* Base */,
				E57BB73F1D4922D1006A5415 /* Network */,
				E57BB74C1D49414C006A5415 /* MarsWeather */,
				2DBF47BA1D48EA5F00C1E44C /* Main.storyboard */,
				2DBF47BD1D48EA5F00C1E44C /* Assets.xcassets */,
				2DBF47BF1D48EA5F00C1E44C /* LaunchScreen.storyboard */,
				2DBF47C21D48EA5F00C1E44C /* Info.plist */,
			);
			path = "Red Weather";
			sourceTree = "<group>";
		};
		717939F045F0E654B313878F /* Frameworks */ = {
			isa = PBXGroup;
			children = (
				593D905DB6F6A8F483EBD3C7 /* Pods_Red_Weather.framework */,
			);
			name = Frameworks;
			sourceTree = "<group>";
		};
		864F895115B4CC636DABB173 /* Pods */ = {
			isa = PBXGroup;
			children = (
				B2EACD29DE8185E1B5455466 /* Pods-Red Weather.debug.xcconfig */,
				ABFAE9414BFBCD408F8DFC29 /* Pods-Red Weather.release.xcconfig */,
			);
			name = Pods;
			sourceTree = "<group>";
		};
		E57BB73F1D4922D1006A5415 /* Network */ = {
			isa = PBXGroup;
			children = (
				E57BB7401D4922FF006A5415 /* GenericNetworkManager.swift */,
				E57BB7421D493078006A5415 /* DataFetcher.swift */,
			);
			name = Network;
			sourceTree = "<group>";
		};
		E57BB7441D4931E8006A5415 /* Base */ = {
			isa = PBXGroup;
			children = (
				2DBF47B61D48EA5F00C1E44C /* AppDelegate.swift */,
				E57BB7481D4934DE006A5415 /* StaticResources.swift */,
				E57BB74A1D493CB8006A5415 /* Extensions.swift */,
				E57BB74F1D4947EC006A5415 /* MainViewController.swift */,
			);
			name = Base;
			sourceTree = "<group>";
		};
		E57BB7451D4932D2006A5415 /* Models */ = {
			isa = PBXGroup;
			children = (
				E57BB7461D4932E2006A5415 /* WeatherData.swift */,
			);
			name = Models;
			sourceTree = "<group>";
		};
		E57BB74C1D49414C006A5415 /* MarsWeather */ = {
			isa = PBXGroup;
			children = (
				E57BB74D1D494751006A5415 /* MarsWeatherBrain.swift */,
				2DBF47B81D48EA5F00C1E44C /* MarsWeatherVC.swift */,
			);
			name = MarsWeather;
			sourceTree = "<group>";
		};
/* End PBXGroup section */

/* Begin PBXNativeTarget section */
		2DBF47B21D48EA5F00C1E44C /* Red Weather */ = {
			isa = PBXNativeTarget;
			buildConfigurationList = 2DBF47C51D48EA5F00C1E44C /* Build configuration list for PBXNativeTarget "Red Weather" */;
			buildPhases = (
				F483E06972D1B2133097511A /* Check Pods Manifest.lock */,
				2DBF47AF1D48EA5F00C1E44C /* Sources */,
				2DBF47B01D48EA5F00C1E44C /* Frameworks */,
				2DBF47B11D48EA5F00C1E44C /* Resources */,
				387CC91569844CEF91B021A3 /* Embed Pods Frameworks */,
				DCB1FC7F446911BF4F0887AE /* Copy Pods Resources */,
			);
			buildRules = (
			);
			dependencies = (
			);
			name = "Red Weather";
			productName = "Red Weather";
			productReference = 2DBF47B31D48EA5F00C1E44C /* Red Weather.app */;
			productType = "com.apple.product-type.application";
		};
/* End PBXNativeTarget section */

/* Begin PBXProject section */
		2DBF47AB1D48EA5F00C1E44C /* Project object */ = {
			isa = PBXProject;
			attributes = {
				LastSwiftUpdateCheck = 0730;
				LastUpgradeCheck = 0730;
				ORGANIZATIONNAME = SRD;
				TargetAttributes = {
					2DBF47B21D48EA5F00C1E44C = {
						CreatedOnToolsVersion = 7.3.1;
					};
				};
			};
			buildConfigurationList = 2DBF47AE1D48EA5F00C1E44C /* Build configuration list for PBXProject "Red Weather" */;
			compatibilityVersion = "Xcode 3.2";
			developmentRegion = English;
			hasScannedForEncodings = 0;
			knownRegions = (
				en,
				Base,
			);
			mainGroup = 2DBF47AA1D48EA5F00C1E44C;
			productRefGroup = 2DBF47B41D48EA5F00C1E44C /* Products */;
			projectDirPath = "";
			projectRoot = "";
			targets = (
				2DBF47B21D48EA5F00C1E44C /* Red Weather */,
			);
		};
/* End PBXProject section */

/* Begin PBXResourcesBuildPhase section */
		2DBF47B11D48EA5F00C1E44C /* Resources */ = {
			isa = PBXResourcesBuildPhase;
			buildActionMask = 2147483647;
			files = (
				2DBF47C11D48EA5F00C1E44C /* LaunchScreen.storyboard in Resources */,
				2DBF47BE1D48EA5F00C1E44C /* Assets.xcassets in Resources */,
				2DBF47BC1D48EA5F00C1E44C /* Main.storyboard in Resources */,
			);
			runOnlyForDeploymentPostprocessing = 0;
		};
/* End PBXResourcesBuildPhase section */

/* Begin PBXShellScriptBuildPhase section */
		387CC91569844CEF91B021A3 /* Embed Pods Frameworks */ = {
			isa = PBXShellScriptBuildPhase;
			buildActionMask = 2147483647;
			files = (
			);
			inputPaths = (
			);
			name = "Embed Pods Frameworks";
			outputPaths = (
			);
			runOnlyForDeploymentPostprocessing = 0;
			shellPath = /bin/sh;
			shellScript = "\"${SRCROOT}/Pods/Target Support Files/Pods-Red Weather/Pods-Red Weather-frameworks.sh\"\n";
			showEnvVarsInLog = 0;
		};
		DCB1FC7F446911BF4F0887AE /* Copy Pods Resources */ = {
			isa = PBXShellScriptBuildPhase;
			buildActionMask = 2147483647;
			files = (
			);
			inputPaths = (
			);
			name = "Copy Pods Resources";
			outputPaths = (
			);
			runOnlyForDeploymentPostprocessing = 0;
			shellPath = /bin/sh;
			shellScript = "\"${SRCROOT}/Pods/Target Support Files/Pods-Red Weather/Pods-Red Weather-resources.sh\"\n";
			showEnvVarsInLog = 0;
		};
		F483E06972D1B2133097511A /* Check Pods Manifest.lock */ = {
			isa = PBXShellScriptBuildPhase;
			buildActionMask = 2147483647;
			files = (
			);
			inputPaths = (
			);
			name = "Check Pods Manifest.lock";
			outputPaths = (
			);
			runOnlyForDeploymentPostprocessing = 0;
			shellPath = /bin/sh;
			shellScript = "diff \"${PODS_ROOT}/../Podfile.lock\" \"${PODS_ROOT}/Manifest.lock\" > /dev/null\nif [[ $? != 0 ]] ; then\n    cat << EOM\nerror: The sandbox is not in sync with the Podfile.lock. Run 'pod install' or update your CocoaPods installation.\nEOM\n    exit 1\nfi\n";
			showEnvVarsInLog = 0;
		};
/* End PBXShellScriptBuildPhase section */

/* Begin PBXSourcesBuildPhase section */
		2DBF47AF1D48EA5F00C1E44C /* Sources */ = {
			isa = PBXSourcesBuildPhase;
			buildActionMask = 2147483647;
			files = (
				E57BB74E1D494751006A5415 /* MarsWeatherBrain.swift in Sources */,
				2DBF47B91D48EA5F00C1E44C /* MarsWeatherVC.swift in Sources */,
				E57BB7491D4934DE006A5415 /* StaticResources.swift in Sources */,
				E57BB7471D4932E2006A5415 /* WeatherData.swift in Sources */,
				E57BB7411D4922FF006A5415 /* GenericNetworkManager.swift in Sources */,
				2DBF47B71D48EA5F00C1E44C /* AppDelegate.swift in Sources */,
				E57BB7501D4947EC006A5415 /* MainViewController.swift in Sources */,
				E57BB7431D493078006A5415 /* DataFetcher.swift in Sources */,
				E57BB74B1D493CB8006A5415 /* Extensions.swift in Sources */,
			);
			runOnlyForDeploymentPostprocessing = 0;
		};
/* End PBXSourcesBuildPhase section */

/* Begin PBXVariantGroup section */
		2DBF47BA1D48EA5F00C1E44C /* Main.storyboard */ = {
			isa = PBXVariantGroup;
			children = (
				2DBF47BB1D48EA5F00C1E44C /* Base */,
			);
			name = Main.storyboard;
			sourceTree = "<group>";
		};
		2DBF47BF1D48EA5F00C1E44C /* LaunchScreen.storyboard */ = {
			isa = PBXVariantGroup;
			children = (
				2DBF47C01D48EA5F00C1E44C /* Base */,
			);
			name = LaunchScreen.storyboard;
			sourceTree = "<group>";
		};
/* End PBXVariantGroup section */

/* Begin XCBuildConfiguration section */
		2DBF47C31D48EA5F00C1E44C /* Debug */ = {
			isa = XCBuildConfiguration;
			buildSettings = {
				ALWAYS_SEARCH_USER_PATHS = NO;
				CLANG_ANALYZER_NONNULL = YES;
				CLANG_CXX_LANGUAGE_STANDARD = "gnu++0x";
				CLANG_CXX_LIBRARY = "libc++";
				CLANG_ENABLE_MODULES = YES;
				CLANG_ENABLE_OBJC_ARC = YES;
				CLANG_WARN_BOOL_CONVERSION = YES;
				CLANG_WARN_CONSTANT_CONVERSION = YES;
				CLANG_WARN_DIRECT_OBJC_ISA_USAGE = YES_ERROR;
				CLANG_WARN_EMPTY_BODY = YES;
				CLANG_WARN_ENUM_CONVERSION = YES;
				CLANG_WARN_INT_CONVERSION = YES;
				CLANG_WARN_OBJC_ROOT_CLASS = YES_ERROR;
				CLANG_WARN_UNREACHABLE_CODE = YES;
				CLANG_WARN__DUPLICATE_METHOD_MATCH = YES;
				"CODE_SIGN_IDENTITY[sdk=iphoneos*]" = "iPhone Developer";
				COPY_PHASE_STRIP = NO;
				DEBUG_INFORMATION_FORMAT = dwarf;
				ENABLE_STRICT_OBJC_MSGSEND = YES;
				ENABLE_TESTABILITY = YES;
				GCC_C_LANGUAGE_STANDARD = gnu99;
				GCC_DYNAMIC_NO_PIC = NO;
				GCC_NO_COMMON_BLOCKS = YES;
				GCC_OPTIMIZATION_LEVEL = 0;
				GCC_PREPROCESSOR_DEFINITIONS = (
					"DEBUG=1",
					"$(inherited)",
				);
				GCC_WARN_64_TO_32_BIT_CONVERSION = YES;
				GCC_WARN_ABOUT_RETURN_TYPE = YES_ERROR;
				GCC_WARN_UNDECLARED_SELECTOR = YES;
				GCC_WARN_UNINITIALIZED_AUTOS = YES_AGGRESSIVE;
				GCC_WARN_UNUSED_FUNCTION = YES;
				GCC_WARN_UNUSED_VARIABLE = YES;
				IPHONEOS_DEPLOYMENT_TARGET = 9.3;
				MTL_ENABLE_DEBUG_INFO = YES;
				ONLY_ACTIVE_ARCH = YES;
				SDKROOT = iphoneos;
				SWIFT_OPTIMIZATION_LEVEL = "-Onone";
				TARGETED_DEVICE_FAMILY = "1,2";
			};
			name = Debug;
		};
		2DBF47C41D48EA5F00C1E44C /* Release */ = {
			isa = XCBuildConfiguration;
			buildSettings = {
				ALWAYS_SEARCH_USER_PATHS = NO;
				CLANG_ANALYZER_NONNULL = YES;
				CLANG_CXX_LANGUAGE_STANDARD = "gnu++0x";
				CLANG_CXX_LIBRARY = "libc++";
				CLANG_ENABLE_MODULES = YES;
				CLANG_ENABLE_OBJC_ARC = YES;
				CLANG_WARN_BOOL_CONVERSION = YES;
				CLANG_WARN_CONSTANT_CONVERSION = YES;
				CLANG_WARN_DIRECT_OBJC_ISA_USAGE = YES_ERROR;
				CLANG_WARN_EMPTY_BODY = YES;
				CLANG_WARN_ENUM_CONVERSION = YES;
				CLANG_WARN_INT_CONVERSION = YES;
				CLANG_WARN_OBJC_ROOT_CLASS = YES_ERROR;
				CLANG_WARN_UNREACHABLE_CODE = YES;
				CLANG_WARN__DUPLICATE_METHOD_MATCH = YES;
				"CODE_SIGN_IDENTITY[sdk=iphoneos*]" = "iPhone Developer";
				COPY_PHASE_STRIP = NO;
				DEBUG_INFORMATION_FORMAT = "dwarf-with-dsym";
				ENABLE_NS_ASSERTIONS = NO;
				ENABLE_STRICT_OBJC_MSGSEND = YES;
				GCC_C_LANGUAGE_STANDARD = gnu99;
				GCC_NO_COMMON_BLOCKS = YES;
				GCC_WARN_64_TO_32_BIT_CONVERSION = YES;
				GCC_WARN_ABOUT_RETURN_TYPE = YES_ERROR;
				GCC_WARN_UNDECLARED_SELECTOR = YES;
				GCC_WARN_UNINITIALIZED_AUTOS = YES_AGGRESSIVE;
				GCC_WARN_UNUSED_FUNCTION = YES;
				GCC_WARN_UNUSED_VARIABLE = YES;
				IPHONEOS_DEPLOYMENT_TARGET = 9.3;
				MTL_ENABLE_DEBUG_INFO = NO;
				SDKROOT = iphoneos;
				TARGETED_DEVICE_FAMILY = "1,2";
				VALIDATE_PRODUCT = YES;
			};
			name = Release;
		};
		2DBF47C61D48EA5F00C1E44C /* Debug */ = {
			isa = XCBuildConfiguration;
			baseConfigurationReference = B2EACD29DE8185E1B5455466 /* Pods-Red Weather.debug.xcconfig */;
			buildSettings = {
				ASSETCATALOG_COMPILER_APPICON_NAME = AppIcon;
				INFOPLIST_FILE = "Red Weather/Info.plist";
				LD_RUNPATH_SEARCH_PATHS = "$(inherited) @executable_path/Frameworks";
				PRODUCT_BUNDLE_IDENTIFIER = "com.srd.redweather.Red-Weather";
				PRODUCT_NAME = "$(TARGET_NAME)";
			};
			name = Debug;
		};
		2DBF47C71D48EA5F00C1E44C /* Release */ = {
			isa = XCBuildConfiguration;
			baseConfigurationReference = ABFAE9414BFBCD408F8DFC29 /* Pods-Red Weather.release.xcconfig */;
			buildSettings = {
				ASSETCATALOG_COMPILER_APPICON_NAME = AppIcon;
				INFOPLIST_FILE = "Red Weather/Info.plist";
				LD_RUNPATH_SEARCH_PATHS = "$(inherited) @executable_path/Frameworks";
				PRODUCT_BUNDLE_IDENTIFIER = "com.srd.redweather.Red-Weather";
				PRODUCT_NAME = "$(TARGET_NAME)";
			};
			name = Release;
		};
/* End XCBuildConfiguration section */

/* Begin XCConfigurationList section */
		2DBF47AE1D48EA5F00C1E44C /* Build configuration list for PBXProject "Red Weather" */ = {
			isa = XCConfigurationList;
			buildConfigurations = (
				2DBF47C31D48EA5F00C1E44C /* Debug */,
				2DBF47C41D48EA5F00C1E44C /* Release */,
			);
			defaultConfigurationIsVisible = 0;
			defaultConfigurationName = Release;
		};
		2DBF47C51D48EA5F00C1E44C /* Build configuration list for PBXNativeTarget "Red Weather" */ = {
			isa = XCConfigurationList;
			buildConfigurations = (
				2DBF47C61D48EA5F00C1E44C /* Debug */,
				2DBF47C71D48EA5F00C1E44C /* Release */,
			);
			defaultConfigurationIsVisible = 0;
			defaultConfigurationName = Release;
		};
/* End XCConfigurationList section */
	};
	rootObject = 2DBF47AB1D48EA5F00C1E44C /* Project object */;
}
